Microsoft Visual Studio Solution File, Format Version 12.00
# Visual Studio Version 17
VisualStudioVersion = 17.5.2.0
MinimumVisualStudioVersion = 10.0.40219.1
Project("{FAE04EC0-301F-11D3-BF4B-00C04F79EFBC}") = "project_2", "project_2.csproj", "{0A651138-A24C-E914-0AE1-8ED4396336A7}"
EndProject
Global
	GlobalSection(SolutionConfigurationPlatforms) = preSolution
		Debug|Any CPU = Debug|Any CPU
		Release|Any CPU = Release|Any CPU
	EndGlobalSection
	GlobalSection(ProjectConfigurationPlatforms) = postSolution
		{0A651138-A24C-E914-0AE1-8ED4396336A7}.Debug|Any CPU.ActiveCfg = Debug|Any CPU
		{0A651138-A24C-E914-0AE1-8ED4396336A7}.Debug|Any CPU.Build.0 = Debug|Any CPU
		{0A651138-A24C-E914-0AE1-8ED4396336A7}.Release|Any CPU.ActiveCfg = Release|Any CPU
		{0A651138-A24C-E914-0AE1-8ED4396336A7}.Release|Any CPU.Build.0 = Release|Any CPU
	EndGlobalSection
	GlobalSection(SolutionProperties) = preSolution
		HideSolutionNode = FALSE
	EndGlobalSection
	GlobalSection(ExtensibilityGlobals) = postSolution
		SolutionGuid = {D16F2242-6CD3-4F06-B6D4-312098476DA0}
	EndGlobalSection
EndGlobal
